
Microsoft Visual Studio Solution File, Format Version 12.00
# Visual Studio Version 17
VisualStudioVersion = 17.10.35004.147
MinimumVisualStudioVersion = 10.0.40219.1
Project("{FAE04EC0-301F-11D3-BF4B-00C04F79EFBC}") = "LigaProEcuador", "LigaProEcuador\LigaProEcuador.csproj", "{46081529-78AF-4A0C-BFC4-AAD2770D43B0}"
EndProject
Global
	GlobalSection(SolutionConfigurationPlatforms) = preSolution
		Debug|Any CPU = Debug|Any CPU
		Release|Any CPU = Release|Any CPU
	EndGlobalSection
	GlobalSection(ProjectConfigurationPlatforms) = postSolution
		{46081529-78AF-4A0C-BFC4-AAD2770D43B0}.Debug|Any CPU.ActiveCfg = Debug|Any CPU
		{46081529-78AF-4A0C-BFC4-AAD2770D43B0}.Debug|Any CPU.Build.0 = Debug|Any CPU
		{46081529-78AF-4A0C-BFC4-AAD2770D43B0}.Release|Any CPU.ActiveCfg = Release|Any CPU
		{46081529-78AF-4A0C-BFC4-AAD2770D43B0}.Release|Any CPU.Build.0 = Release|Any CPU
	EndGlobalSection
	GlobalSection(SolutionProperties) = preSolution
		HideSolutionNode = FALSE
	EndGlobalSection
	GlobalSection(ExtensibilityGlobals) = postSolution
		SolutionGuid = {51CDE1C3-5700-47B6-AE6E-7CDAA104151D}
	EndGlobalSection
EndGlobal
